
Microsoft Visual Studio Solution File, Format Version 12.00
# Visual Studio 14
VisualStudioVersion = 14.0.23107.0
MinimumVisualStudioVersion = 10.0.40219.1
Project("{2150E333-8FDC-42A3-9474-1A3956D46DE8}") = "0 - Presentation", "0 - Presentation", "{37CFC5EB-B45A-4CD3-B70E-0B409B178AA0}"
EndProject
Project("{2150E333-8FDC-42A3-9474-1A3956D46DE8}") = "1 - Services", "1 - Services", "{B1FE6A0F-783E-4CC4-AF97-F66A110993BF}"
EndProject
Project("{2150E333-8FDC-42A3-9474-1A3956D46DE8}") = "3 - Domain", "3 - Domain", "{FEBDA2BD-B634-4160-B431-B68448D07B44}"
EndProject
Project("{2150E333-8FDC-42A3-9474-1A3956D46DE8}") = "4 - Infra", "4 - Infra", "{E45CB4DE-D61D-4B2A-A75B-C72B6C7A0183}"
EndProject
Project("{2150E333-8FDC-42A3-9474-1A3956D46DE8}") = "4.1 - CrossCutting", "4.1 - CrossCutting", "{06836931-8110-406C-B710-3C681BDD6FC8}"
EndProject
Project("{2150E333-8FDC-42A3-9474-1A3956D46DE8}") = "4.2 - Data", "4.2 - Data", "{1B563FB1-5791-4CE8-8AEC-FCF6DFC7BC00}"
EndProject
Project("{FAE04EC0-301F-11D3-BF4B-00C04F79EFBC}") = "Logistics.MVC", "Logistics.MVC\Logistics.MVC.csproj", "{534BFA22-0085-4657-95E4-A86220A05ACA}"
EndProject
Project("{FAE04EC0-301F-11D3-BF4B-00C04F79EFBC}") = "Logistics.Infra.Data", "Logistics.Infra.Data\Logistics.Infra.Data.csproj", "{84996C89-356D-47ED-904E-552ED55779D8}"
EndProject
Project("{2150E333-8FDC-42A3-9474-1A3956D46DE8}") = "2 - Application", "2 - Application", "{6CE62CC6-5D8B-4585-9AC1-59E27FE87F0B}"
EndProject
Project("{FAE04EC0-301F-11D3-BF4B-00C04F79EFBC}") = "Logistics.Application", "Logistics.Application\Logistics.Application.csproj", "{44A54DF1-9F4F-411F-AC32-155A7B8C58A1}"
EndProject
Project("{FAE04EC0-301F-11D3-BF4B-00C04F79EFBC}") = "Logistics.Domain", "Logistics.Domain\Logistics.Domain.csproj", "{6C469903-CDF1-4454-B703-EE18623A45A6}"
EndProject
Global
	GlobalSection(SolutionConfigurationPlatforms) = preSolution
		Debug|Any CPU = Debug|Any CPU
		Release|Any CPU = Release|Any CPU
	EndGlobalSection
	GlobalSection(ProjectConfigurationPlatforms) = postSolution
		{534BFA22-0085-4657-95E4-A86220A05ACA}.Debug|Any CPU.ActiveCfg = Debug|Any CPU
		{534BFA22-0085-4657-95E4-A86220A05ACA}.Debug|Any CPU.Build.0 = Debug|Any CPU
		{534BFA22-0085-4657-95E4-A86220A05ACA}.Release|Any CPU.ActiveCfg = Release|Any CPU
		{534BFA22-0085-4657-95E4-A86220A05ACA}.Release|Any CPU.Build.0 = Release|Any CPU
		{84996C89-356D-47ED-904E-552ED55779D8}.Debug|Any CPU.ActiveCfg = Debug|Any CPU
		{84996C89-356D-47ED-904E-552ED55779D8}.Debug|Any CPU.Build.0 = Debug|Any CPU
		{84996C89-356D-47ED-904E-552ED55779D8}.Release|Any CPU.ActiveCfg = Release|Any CPU
		{84996C89-356D-47ED-904E-552ED55779D8}.Release|Any CPU.Build.0 = Release|Any CPU
		{44A54DF1-9F4F-411F-AC32-155A7B8C58A1}.Debug|Any CPU.ActiveCfg = Debug|Any CPU
		{44A54DF1-9F4F-411F-AC32-155A7B8C58A1}.Debug|Any CPU.Build.0 = Debug|Any CPU
		{44A54DF1-9F4F-411F-AC32-155A7B8C58A1}.Release|Any CPU.ActiveCfg = Release|Any CPU
		{44A54DF1-9F4F-411F-AC32-155A7B8C58A1}.Release|Any CPU.Build.0 = Release|Any CPU
		{6C469903-CDF1-4454-B703-EE18623A45A6}.Debug|Any CPU.ActiveCfg = Debug|Any CPU
		{6C469903-CDF1-4454-B703-EE18623A45A6}.Debug|Any CPU.Build.0 = Debug|Any CPU
		{6C469903-CDF1-4454-B703-EE18623A45A6}.Release|Any CPU.ActiveCfg = Release|Any CPU
		{6C469903-CDF1-4454-B703-EE18623A45A6}.Release|Any CPU.Build.0 = Release|Any CPU
	EndGlobalSection
	GlobalSection(SolutionProperties) = preSolution
		HideSolutionNode = FALSE
	EndGlobalSection
	GlobalSection(NestedProjects) = preSolution
		{06836931-8110-406C-B710-3C681BDD6FC8} = {E45CB4DE-D61D-4B2A-A75B-C72B6C7A0183}
		{1B563FB1-5791-4CE8-8AEC-FCF6DFC7BC00} = {E45CB4DE-D61D-4B2A-A75B-C72B6C7A0183}
		{534BFA22-0085-4657-95E4-A86220A05ACA} = {37CFC5EB-B45A-4CD3-B70E-0B409B178AA0}
		{84996C89-356D-47ED-904E-552ED55779D8} = {1B563FB1-5791-4CE8-8AEC-FCF6DFC7BC00}
		{44A54DF1-9F4F-411F-AC32-155A7B8C58A1} = {6CE62CC6-5D8B-4585-9AC1-59E27FE87F0B}
		{6C469903-CDF1-4454-B703-EE18623A45A6} = {FEBDA2BD-B634-4160-B431-B68448D07B44}
	EndGlobalSection
EndGlobal
